Microsoft Visual Studio Solution File, Format Version 11.00
# Visual Studio 2008

Project("{1F8805FA-D955-1FFD-0CCF-AB6C30D11BEA}") = "InClass", "Assembly-CSharp.csproj", "{6E77D545-E473-904E-692B-4501BC8E234F}"
EndProject
Global
	GlobalSection(SolutionConfigurationPlatforms) = preSolution
		Debug|Any CPU = Debug|Any CPU
		Release|Any CPU = Release|Any CPU
	EndGlobalSection
	GlobalSection(ProjectConfigurationPlatforms) = postSolution
		{6E77D545-E473-904E-692B-4501BC8E234F}.Debug|Any CPU.ActiveCfg = Debug|Any CPU
		{6E77D545-E473-904E-692B-4501BC8E234F}.Debug|Any CPU.Build.0 = Debug|Any CPU
		{6E77D545-E473-904E-692B-4501BC8E234F}.Release|Any CPU.ActiveCfg = Release|Any CPU
		{6E77D545-E473-904E-692B-4501BC8E234F}.Release|Any CPU.Build.0 = Release|Any CPU
	EndGlobalSection
	GlobalSection(SolutionProperties) = preSolution
		HideSolutionNode = FALSE
	EndGlobalSection
	GlobalSection(MonoDevelopProperties) = preSolution
		StartupItem = Assembly-CSharp.csproj
	EndGlobalSection
EndGlobal
